
Microsoft Visual Studio Solution File, Format Version 12.00
# Visual Studio Version 16
VisualStudioVersion = 16.0.29709.97
MinimumVisualStudioVersion = 10.0.40219.1
Project("{FAE04EC0-301F-11D3-BF4B-00C04F79EFBC}") = "TestUrho.UWP", "TestUrho\TestUrho.UWP\TestUrho.UWP.csproj", "{520660CC-CEAF-4B25-A14A-EDC7F697836B}"
EndProject
Project("{FAE04EC0-301F-11D3-BF4B-00C04F79EFBC}") = "TestUrho.Android", "TestUrho\TestUrho.Android\TestUrho.Android.csproj", "{164B09BB-8B87-4ACF-87E1-6865A8EE1127}"
EndProject
Project("{FAE04EC0-301F-11D3-BF4B-00C04F79EFBC}") = "TestUrho.iOS", "TestUrho\TestUrho.iOS\TestUrho.iOS.csproj", "{24C1B386-A22D-4AB7-9F4A-29FC48BEF19D}"
EndProject
Project("{9A19103F-16F7-4668-BE54-9A1E7A4F7556}") = "TestUrho", "TestUrho\TestUrho\TestUrho.csproj", "{A0CA910A-3F5F-4457-B47E-9385EA5C265E}"
EndProject
Project("{FAE04EC0-301F-11D3-BF4B-00C04F79EFBC}") = "TestUrhoTests", "TestUrhoTests\TestUrhoTests.csproj", "{99778153-DF5B-406E-A971-22552DA3BA3D}"
EndProject
Global
	GlobalSection(SolutionConfigurationPlatforms) = preSolution
		Debug|Any CPU = Debug|Any CPU
		Debug|ARM = Debug|ARM
		Debug|iPhone = Debug|iPhone
		Debug|iPhoneSimulator = Debug|iPhoneSimulator
		Debug|x64 = Debug|x64
		Debug|x86 = Debug|x86
		Release|Any CPU = Release|Any CPU
		Release|ARM = Release|ARM
		Release|iPhone = Release|iPhone
		Release|iPhoneSimulator = Release|iPhoneSimulator
		Release|x64 = Release|x64
		Release|x86 = Release|x86
	EndGlobalSection
	GlobalSection(ProjectConfigurationPlatforms) = postSolution
		{520660CC-CEAF-4B25-A14A-EDC7F697836B}.Debug|Any CPU.ActiveCfg = Debug|x86
		{520660CC-CEAF-4B25-A14A-EDC7F697836B}.Debug|Any CPU.Build.0 = Debug|x86
		{520660CC-CEAF-4B25-A14A-EDC7F697836B}.Debug|Any CPU.Deploy.0 = Debug|x86
		{520660CC-CEAF-4B25-A14A-EDC7F697836B}.Debug|ARM.ActiveCfg = Debug|ARM
		{520660CC-CEAF-4B25-A14A-EDC7F697836B}.Debug|ARM.Build.0 = Debug|ARM
		{520660CC-CEAF-4B25-A14A-EDC7F697836B}.Debug|ARM.Deploy.0 = Debug|ARM
		{520660CC-CEAF-4B25-A14A-EDC7F697836B}.Debug|iPhone.ActiveCfg = Debug|x86
		{520660CC-CEAF-4B25-A14A-EDC7F697836B}.Debug|iPhone.Build.0 = Debug|x86
		{520660CC-CEAF-4B25-A14A-EDC7F697836B}.Debug|iPhone.Deploy.0 = Debug|x86
		{520660CC-CEAF-4B25-A14A-EDC7F697836B}.Debug|iPhoneSimulator.ActiveCfg = Debug|x86
		{520660CC-CEAF-4B25-A14A-EDC7F697836B}.Debug|iPhoneSimulator.Build.0 = Debug|x86
		{520660CC-CEAF-4B25-A14A-EDC7F697836B}.Debug|iPhoneSimulator.Deploy.0 = Debug|x86
		{520660CC-CEAF-4B25-A14A-EDC7F697836B}.Debug|x64.ActiveCfg = Debug|x64
		{520660CC-CEAF-4B25-A14A-EDC7F697836B}.Debug|x64.Build.0 = Debug|x64
		{520660CC-CEAF-4B25-A14A-EDC7F697836B}.Debug|x64.Deploy.0 = Debug|x64
		{520660CC-CEAF-4B25-A14A-EDC7F697836B}.Debug|x86.ActiveCfg = Debug|x86
		{520660CC-CEAF-4B25-A14A-EDC7F697836B}.Debug|x86.Build.0 = Debug|x86
		{520660CC-CEAF-4B25-A14A-EDC7F697836B}.Debug|x86.Deploy.0 = Debug|x86
		{520660CC-CEAF-4B25-A14A-EDC7F697836B}.Release|Any CPU.ActiveCfg = Release|x86
		{520660CC-CEAF-4B25-A14A-EDC7F697836B}.Release|Any CPU.Build.0 = Release|x86
		{520660CC-CEAF-4B25-A14A-EDC7F697836B}.Release|Any CPU.Deploy.0 = Release|x86
		{520660CC-CEAF-4B25-A14A-EDC7F697836B}.Release|ARM.ActiveCfg = Release|ARM
		{520660CC-CEAF-4B25-A14A-EDC7F697836B}.Release|ARM.Build.0 = Release|ARM
		{520660CC-CEAF-4B25-A14A-EDC7F697836B}.Release|ARM.Deploy.0 = Release|ARM
		{520660CC-CEAF-4B25-A14A-EDC7F697836B}.Release|iPhone.ActiveCfg = Release|x86
		{520660CC-CEAF-4B25-A14A-EDC7F697836B}.Release|iPhone.Build.0 = Release|x86
		{520660CC-CEAF-4B25-A14A-EDC7F697836B}.Release|iPhone.Deploy.0 = Release|x86
		{520660CC-CEAF-4B25-A14A-EDC7F697836B}.Release|iPhoneSimulator.ActiveCfg = Release|x86
		{520660CC-CEAF-4B25-A14A-EDC7F697836B}.Release|iPhoneSimulator.Build.0 = Release|x86
		{520660CC-CEAF-4B25-A14A-EDC7F697836B}.Release|iPhoneSimulator.Deploy.0 = Release|x86
		{520660CC-CEAF-4B25-A14A-EDC7F697836B}.Release|x64.ActiveCfg = Release|x64
		{520660CC-CEAF-4B25-A14A-EDC7F697836B}.Release|x64.Build.0 = Release|x64
		{520660CC-CEAF-4B25-A14A-EDC7F697836B}.Release|x64.Deploy.0 = Release|x64
		{520660CC-CEAF-4B25-A14A-EDC7F697836B}.Release|x86.ActiveCfg = Release|x86
		{520660CC-CEAF-4B25-A14A-EDC7F697836B}.Release|x86.Build.0 = Release|x86
		{520660CC-CEAF-4B25-A14A-EDC7F697836B}.Release|x86.Deploy.0 = Release|x86
		{164B09BB-8B87-4ACF-87E1-6865A8EE1127}.Debug|Any CPU.ActiveCfg = Debug|Any CPU
		{164B09BB-8B87-4ACF-87E1-6865A8EE1127}.Debug|Any CPU.Build.0 = Debug|Any CPU
		{164B09BB-8B87-4ACF-87E1-6865A8EE1127}.Debug|Any CPU.Deploy.0 = Debug|Any CPU
		{164B09BB-8B87-4ACF-87E1-6865A8EE1127}.Debug|ARM.ActiveCfg = Debug|Any CPU
		{164B09BB-8B87-4ACF-87E1-6865A8EE1127}.Debug|ARM.Build.0 = Debug|Any CPU
		{164B09BB-8B87-4ACF-87E1-6865A8EE1127}.Debug|ARM.Deploy.0 = Debug|Any CPU
		{164B09BB-8B87-4ACF-87E1-6865A8EE1127}.Debug|iPhone.ActiveCfg = Debug|Any CPU
		{164B09BB-8B87-4ACF-87E1-6865A8EE1127}.Debug|iPhone.Build.0 = Debug|Any CPU
		{164B09BB-8B87-4ACF-87E1-6865A8EE1127}.Debug|iPhone.Deploy.0 = Debug|Any CPU
		{164B09BB-8B87-4ACF-87E1-6865A8EE1127}.Debug|iPhoneSimulator.ActiveCfg = Debug|Any CPU
		{164B09BB-8B87-4ACF-87E1-6865A8EE1127}.Debug|iPhoneSimulator.Build.0 = Debug|Any CPU
		{164B09BB-8B87-4ACF-87E1-6865A8EE1127}.Debug|iPhoneSimulator.Deploy.0 = Debug|Any CPU
		{164B09BB-8B87-4ACF-87E1-6865A8EE1127}.Debug|x64.ActiveCfg = Debug|Any CPU
		{164B09BB-8B87-4ACF-87E1-6865A8EE1127}.Debug|x64.Build.0 = Debug|Any CPU
		{164B09BB-8B87-4ACF-87E1-6865A8EE1127}.Debug|x64.Deploy.0 = Debug|Any CPU
		{164B09BB-8B87-4ACF-87E1-6865A8EE1127}.Debug|x86.ActiveCfg = Debug|Any CPU
		{164B09BB-8B87-4ACF-87E1-6865A8EE1127}.Debug|x86.Build.0 = Debug|Any CPU
		{164B09BB-8B87-4ACF-87E1-6865A8EE1127}.Debug|x86.Deploy.0 = Debug|Any CPU
		{164B09BB-8B87-4ACF-87E1-6865A8EE1127}.Release|Any CPU.ActiveCfg = Release|Any CPU
		{164B09BB-8B87-4ACF-87E1-6865A8EE1127}.Release|Any CPU.Build.0 = Release|Any CPU
		{164B09BB-8B87-4ACF-87E1-6865A8EE1127}.Release|Any CPU.Deploy.0 = Release|Any CPU
		{164B09BB-8B87-4ACF-87E1-6865A8EE1127}.Release|ARM.ActiveCfg = Release|Any CPU
		{164B09BB-8B87-4ACF-87E1-6865A8EE1127}.Release|ARM.Build.0 = Release|Any CPU
		{164B09BB-8B87-4ACF-87E1-6865A8EE1127}.Release|ARM.Deploy.0 = Release|Any CPU
		{164B09BB-8B87-4ACF-87E1-6865A8EE1127}.Release|iPhone.ActiveCfg = Release|Any CPU
		{164B09BB-8B87-4ACF-87E1-6865A8EE1127}.Release|iPhone.Build.0 = Release|Any CPU
		{164B09BB-8B87-4ACF-87E1-6865A8EE1127}.Release|iPhone.Deploy.0 = Release|Any CPU
		{164B09BB-8B87-4ACF-87E1-6865A8EE1127}.Release|iPhoneSimulator.ActiveCfg = Release|Any CPU
		{164B09BB-8B87-4ACF-87E1-6865A8EE1127}.Release|iPhoneSimulator.Build.0 = Release|Any CPU
		{164B09BB-8B87-4ACF-87E1-6865A8EE1127}.Release|iPhoneSimulator.Deploy.0 = Release|Any CPU
		{164B09BB-8B87-4ACF-87E1-6865A8EE1127}.Release|x64.ActiveCfg = Release|Any CPU
		{164B09BB-8B87-4ACF-87E1-6865A8EE1127}.Release|x64.Build.0 = Release|Any CPU
		{164B09BB-8B87-4ACF-87E1-6865A8EE1127}.Release|x64.Deploy.0 = Release|Any CPU
		{164B09BB-8B87-4ACF-87E1-6865A8EE1127}.Release|x86.ActiveCfg = Release|Any CPU
		{164B09BB-8B87-4ACF-87E1-6865A8EE1127}.Release|x86.Build.0 = Release|Any CPU
		{164B09BB-8B87-4ACF-87E1-6865A8EE1127}.Release|x86.Deploy.0 = Release|Any CPU
		{24C1B386-A22D-4AB7-9F4A-29FC48BEF19D}.Debug|Any CPU.ActiveCfg = Debug|iPhone
		{24C1B386-A22D-4AB7-9F4A-29FC48BEF19D}.Debug|Any CPU.Deploy.0 = Debug|iPhone
		{24C1B386-A22D-4AB7-9F4A-29FC48BEF19D}.Debug|ARM.ActiveCfg = Debug|iPhoneSimulator
		{24C1B386-A22D-4AB7-9F4A-29FC48BEF19D}.Debug|ARM.Build.0 = Debug|iPhoneSimulator
		{24C1B386-A22D-4AB7-9F4A-29FC48BEF19D}.Debug|ARM.Deploy.0 = Debug|iPhoneSimulator
		{24C1B386-A22D-4AB7-9F4A-29FC48BEF19D}.Debug|iPhone.ActiveCfg = Debug|iPhone
		{24C1B386-A22D-4AB7-9F4A-29FC48BEF19D}.Debug|iPhone.Build.0 = Debug|iPhone
		{24C1B386-A22D-4AB7-9F4A-29FC48BEF19D}.Debug|iPhone.Deploy.0 = Debug|iPhone
		{24C1B386-A22D-4AB7-9F4A-29FC48BEF19D}.Debug|iPhoneSimulator.ActiveCfg = Debug|iPhoneSimulator
		{24C1B386-A22D-4AB7-9F4A-29FC48BEF19D}.Debug|iPhoneSimulator.Build.0 = Debug|iPhoneSimulator
		{24C1B386-A22D-4AB7-9F4A-29FC48BEF19D}.Debug|iPhoneSimulator.Deploy.0 = Debug|iPhoneSimulator
		{24C1B386-A22D-4AB7-9F4A-29FC48BEF19D}.Debug|x64.ActiveCfg = Debug|iPhone
		{24C1B386-A22D-4AB7-9F4A-29FC48BEF19D}.Debug|x64.Build.0 = Debug|iPhone
		{24C1B386-A22D-4AB7-9F4A-29FC48BEF19D}.Debug|x64.Deploy.0 = Debug|iPhone
		{24C1B386-A22D-4AB7-9F4A-29FC48BEF19D}.Debug|x86.ActiveCfg = Debug|iPhone
		{24C1B386-A22D-4AB7-9F4A-29FC48BEF19D}.Debug|x86.Build.0 = Debug|iPhone
		{24C1B386-A22D-4AB7-9F4A-29FC48BEF19D}.Debug|x86.Deploy.0 = Debug|iPhone
		{24C1B386-A22D-4AB7-9F4A-29FC48BEF19D}.Release|Any CPU.ActiveCfg = Release|iPhone
		{24C1B386-A22D-4AB7-9F4A-29FC48BEF19D}.Release|Any CPU.Build.0 = Release|iPhone
		{24C1B386-A22D-4AB7-9F4A-29FC48BEF19D}.Release|Any CPU.Deploy.0 = Release|iPhone
		{24C1B386-A22D-4AB7-9F4A-29FC48BEF19D}.Release|ARM.ActiveCfg = Release|iPhone
		{24C1B386-A22D-4AB7-9F4A-29FC48BEF19D}.Release|ARM.Build.0 = Release|iPhone
		{24C1B386-A22D-4AB7-9F4A-29FC48BEF19D}.Release|ARM.Deploy.0 = Release|iPhone
		{24C1B386-A22D-4AB7-9F4A-29FC48BEF19D}.Release|iPhone.ActiveCfg = Release|iPhone
		{24C1B386-A22D-4AB7-9F4A-29FC48BEF19D}.Release|iPhone.Build.0 = Release|iPhone
		{24C1B386-A22D-4AB7-9F4A-29FC48BEF19D}.Release|iPhone.Deploy.0 = Release|iPhone
		{24C1B386-A22D-4AB7-9F4A-29FC48BEF19D}.Release|iPhoneSimulator.ActiveCfg = Release|iPhoneSimulator
		{24C1B386-A22D-4AB7-9F4A-29FC48BEF19D}.Release|iPhoneSimulator.Build.0 = Release|iPhoneSimulator
		{24C1B386-A22D-4AB7-9F4A-29FC48BEF19D}.Release|iPhoneSimulator.Deploy.0 = Release|iPhoneSimulator
		{24C1B386-A22D-4AB7-9F4A-29FC48BEF19D}.Release|x64.ActiveCfg = Release|iPhone
		{24C1B386-A22D-4AB7-9F4A-29FC48BEF19D}.Release|x64.Build.0 = Release|iPhone
		{24C1B386-A22D-4AB7-9F4A-29FC48BEF19D}.Release|x64.Deploy.0 = Release|iPhone
		{24C1B386-A22D-4AB7-9F4A-29FC48BEF19D}.Release|x86.ActiveCfg = Release|iPhone
		{24C1B386-A22D-4AB7-9F4A-29FC48BEF19D}.Release|x86.Build.0 = Release|iPhone
		{24C1B386-A22D-4AB7-9F4A-29FC48BEF19D}.Release|x86.Deploy.0 = Release|iPhone
		{A0CA910A-3F5F-4457-B47E-9385EA5C265E}.Debug|Any CPU.ActiveCfg = Debug|Any CPU
		{A0CA910A-3F5F-4457-B47E-9385EA5C265E}.Debug|Any CPU.Build.0 = Debug|Any CPU
		{A0CA910A-3F5F-4457-B47E-9385EA5C265E}.Debug|Any CPU.Deploy.0 = Debug|Any CPU
		{A0CA910A-3F5F-4457-B47E-9385EA5C265E}.Debug|ARM.ActiveCfg = Debug|Any CPU
		{A0CA910A-3F5F-4457-B47E-9385EA5C265E}.Debug|ARM.Build.0 = Debug|Any CPU
		{A0CA910A-3F5F-4457-B47E-9385EA5C265E}.Debug|ARM.Deploy.0 = Debug|Any CPU
		{A0CA910A-3F5F-4457-B47E-9385EA5C265E}.Debug|iPhone.ActiveCfg = Debug|Any CPU
		{A0CA910A-3F5F-4457-B47E-9385EA5C265E}.Debug|iPhone.Build.0 = Debug|Any CPU
		{A0CA910A-3F5F-4457-B47E-9385EA5C265E}.Debug|iPhone.Deploy.0 = Debug|Any CPU
		{A0CA910A-3F5F-4457-B47E-9385EA5C265E}.Debug|iPhoneSimulator.ActiveCfg = Debug|Any CPU
		{A0CA910A-3F5F-4457-B47E-9385EA5C265E}.Debug|iPhoneSimulator.Build.0 = Debug|Any CPU
		{A0CA910A-3F5F-4457-B47E-9385EA5C265E}.Debug|iPhoneSimulator.Deploy.0 = Debug|Any CPU
		{A0CA910A-3F5F-4457-B47E-9385EA5C265E}.Debug|x64.ActiveCfg = Debug|Any CPU
		{A0CA910A-3F5F-4457-B47E-9385EA5C265E}.Debug|x64.Build.0 = Debug|Any CPU
		{A0CA910A-3F5F-4457-B47E-9385EA5C265E}.Debug|x64.Deploy.0 = Debug|Any CPU
		{A0CA910A-3F5F-4457-B47E-9385EA5C265E}.Debug|x86.ActiveCfg = Debug|Any CPU
		{A0CA910A-3F5F-4457-B47E-9385EA5C265E}.Debug|x86.Build.0 = Debug|Any CPU
		{A0CA910A-3F5F-4457-B47E-9385EA5C265E}.Debug|x86.Deploy.0 = Debug|Any CPU
		{A0CA910A-3F5F-4457-B47E-9385EA5C265E}.Release|Any CPU.ActiveCfg = Release|Any CPU
		{A0CA910A-3F5F-4457-B47E-9385EA5C265E}.Release|Any CPU.Build.0 = Release|Any CPU
		{A0CA910A-3F5F-4457-B47E-9385EA5C265E}.Release|Any CPU.Deploy.0 = Release|Any CPU
		{A0CA910A-3F5F-4457-B47E-9385EA5C265E}.Release|ARM.ActiveCfg = Release|Any CPU
		{A0CA910A-3F5F-4457-B47E-9385EA5C265E}.Release|ARM.Build.0 = Release|Any CPU
		{A0CA910A-3F5F-4457-B47E-9385EA5C265E}.Release|ARM.Deploy.0 = Release|Any CPU
		{A0CA910A-3F5F-4457-B47E-9385EA5C265E}.Release|iPhone.ActiveCfg = Release|Any CPU
		{A0CA910A-3F5F-4457-B47E-9385EA5C265E}.Release|iPhone.Build.0 = Release|Any CPU
		{A0CA910A-3F5F-4457-B47E-9385EA5C265E}.Release|iPhone.Deploy.0 = Release|Any CPU
		{A0CA910A-3F5F-4457-B47E-9385EA5C265E}.Release|iPhoneSimulator.ActiveCfg = Release|Any CPU
		{A0CA910A-3F5F-4457-B47E-9385EA5C265E}.Release|iPhoneSimulator.Build.0 = Release|Any CPU
		{A0CA910A-3F5F-4457-B47E-9385EA5C265E}.Release|iPhoneSimulator.Deploy.0 = Release|Any CPU
		{A0CA910A-3F5F-4457-B47E-9385EA5C265E}.Release|x64.ActiveCfg = Release|Any CPU
		{A0CA910A-3F5F-4457-B47E-9385EA5C265E}.Release|x64.Build.0 = Release|Any CPU
		{A0CA910A-3F5F-4457-B47E-9385EA5C265E}.Release|x64.Deploy.0 = Release|Any CPU
		{A0CA910A-3F5F-4457-B47E-9385EA5C265E}.Release|x86.ActiveCfg = Release|Any CPU
		{A0CA910A-3F5F-4457-B47E-9385EA5C265E}.Release|x86.Build.0 = Release|Any CPU
		{A0CA910A-3F5F-4457-B47E-9385EA5C265E}.Release|x86.Deploy.0 = Release|Any CPU
		{99778153-DF5B-406E-A971-22552DA3BA3D}.Debug|Any CPU.ActiveCfg = Debug|Any CPU
		{99778153-DF5B-406E-A971-22552DA3BA3D}.Debug|Any CPU.Build.0 = Debug|Any CPU
		{99778153-DF5B-406E-A971-22552DA3BA3D}.Debug|ARM.ActiveCfg = Debug|Any CPU
		{99778153-DF5B-406E-A971-22552DA3BA3D}.Debug|ARM.Build.0 = Debug|Any CPU
		{99778153-DF5B-406E-A971-22552DA3BA3D}.Debug|iPhone.ActiveCfg = Debug|Any CPU
		{99778153-DF5B-406E-A971-22552DA3BA3D}.Debug|iPhone.Build.0 = Debug|Any CPU
		{99778153-DF5B-406E-A971-22552DA3BA3D}.Debug|iPhoneSimulator.ActiveCfg = Debug|Any CPU
		{99778153-DF5B-406E-A971-22552DA3BA3D}.Debug|iPhoneSimulator.Build.0 = Debug|Any CPU
		{99778153-DF5B-406E-A971-22552DA3BA3D}.Debug|x64.ActiveCfg = Debug|Any CPU
		{99778153-DF5B-406E-A971-22552DA3BA3D}.Debug|x64.Build.0 = Debug|Any CPU
		{99778153-DF5B-406E-A971-22552DA3BA3D}.Debug|x86.ActiveCfg = Debug|Any CPU
		{99778153-DF5B-406E-A971-22552DA3BA3D}.Debug|x86.Build.0 = Debug|Any CPU
		{99778153-DF5B-406E-A971-22552DA3BA3D}.Release|Any CPU.ActiveCfg = Release|Any CPU
		{99778153-DF5B-406E-A971-22552DA3BA3D}.Release|Any CPU.Build.0 = Release|Any CPU
		{99778153-DF5B-406E-A971-22552DA3BA3D}.Release|ARM.ActiveCfg = Release|Any CPU
		{99778153-DF5B-406E-A971-22552DA3BA3D}.Release|ARM.Build.0 = Release|Any CPU
		{99778153-DF5B-406E-A971-22552DA3BA3D}.Release|iPhone.ActiveCfg = Release|Any CPU
		{99778153-DF5B-406E-A971-22552DA3BA3D}.Release|iPhone.Build.0 = Release|Any CPU
		{99778153-DF5B-406E-A971-22552DA3BA3D}.Release|iPhoneSimulator.ActiveCfg = Release|Any CPU
		{99778153-DF5B-406E-A971-22552DA3BA3D}.Release|iPhoneSimulator.Build.0 = Release|Any CPU
		{99778153-DF5B-406E-A971-22552DA3BA3D}.Release|x64.ActiveCfg = Release|Any CPU
		{99778153-DF5B-406E-A971-22552DA3BA3D}.Release|x64.Build.0 = Release|Any CPU
		{99778153-DF5B-406E-A971-22552DA3BA3D}.Release|x86.ActiveCfg = Release|Any CPU
		{99778153-DF5B-406E-A971-22552DA3BA3D}.Release|x86.Build.0 = Release|Any CPU
	EndGlobalSection
	GlobalSection(SolutionProperties) = preSolution
		HideSolutionNode = FALSE
	EndGlobalSection
	GlobalSection(ExtensibilityGlobals) = postSolution
		SolutionGuid = {B497EB38-2399-4BF4-8205-FCFE016399CC}
	EndGlobalSection
EndGlobal
